<?xml version="1.0" encoding="utf-8"?>
<Project ToolsVersion="4.0" xmlns="http://schemas.microsoft.com/developer/msbuild/2003">
  <ItemGroup>
    <Filter Include="Source Files">
      <UniqueIdentifier>{4FC737F1-C7A5-4376-A066-2A32D752A2FF}</UniqueIdentifier>
      <Extensions>cpp;c;cc;cxx;c++;cppm;ixx;def;odl;idl;hpj;bat;asm;asmx</Extensions>
    </Filter>
    <Filter Include="Header Files">
      <UniqueIdentifier>{93995380-89BD-4b04-88EB-625FBE52EBFB}</UniqueIdentifier>
      <Extensions>h;hh;hpp;hxx;h++;hm;inl;inc;ipp;xsd</Extensions>
    </Filter>
    <Filter Include="Resource Files">
      <UniqueIdentifier>{67DA6AB6-F800-4c08-8B7A-83BB121AAD01}</UniqueIdentifier>
      <Extensions>rc;ico;cur;bmp;dlg;rc2;rct;bin;rgs;gif;jpg;jpeg;jpe;resx;tiff;tif;png;wav;mfcribbon-ms</Extensions>
    </Filter>
  </ItemGroup>
  <ItemGroup>
    <ClCompile Include="..\src\rc4.cpp">
      <Filter>Source Files</Filter>
    </ClCompile>
    <ClCompile Include="..\src\file.cpp">
      <Filter>Source Files</Filter>
    </ClCompile>
    <ClCompile Include="..\src\util.cpp">
      <Filter>Source Files</Filter>
    </ClCompile>
    <ClCompile Include="..\src\xbmem.cpp">
      <Filter>Source Files</Filter>
    </ClCompile>
    <ClCompile Include="..\src\Bios.cpp">
      <Filter>Source Files</Filter>
    </ClCompile>
    <ClCompile Include="..\src\XbTool.cpp">
      <Filter>Source Files</Filter>
    </ClCompile>
    <ClCompile Include="..\src\XcodeInterp.cpp">
      <Filter>Source Files</Filter>
    </ClCompile>
    <ClCompile Include="..\src\main.cpp">
      <Filter>Source Files</Filter>
    </ClCompile>
    <ClCompile Include="..\src\lzx.cpp">
      <Filter>Source Files</Filter>
    </ClCompile>
    <ClCompile Include="..\src\sha1.cpp">
      <Filter>Source Files</Filter>
    </ClCompile>
    <ClCompile Include="..\src\nt_headers.cpp">
      <Filter>Source Files</Filter>
    </ClCompile>
    <ClCompile Include="..\src\Mcpx.cpp">
      <Filter>Source Files</Filter>
    </ClCompile>
    <ClCompile Include="..\src\X86Interp.cpp">
      <Filter>Source Files</Filter>
    </ClCompile>
  </ItemGroup>
  <ItemGroup>
    <ClInclude Include="..\inc\file.h">
      <Filter>Header Files</Filter>
    </ClInclude>
    <ClInclude Include="..\inc\rc4.h">
      <Filter>Header Files</Filter>
    </ClInclude>
    <ClInclude Include="..\inc\util.h">
      <Filter>Header Files</Filter>
    </ClInclude>
    <ClInclude Include="..\inc\xbmem.h">
      <Filter>Header Files</Filter>
    </ClInclude>
    <ClInclude Include="..\inc\cli_tbl.h">
      <Filter>Header Files</Filter>
    </ClInclude>
    <ClInclude Include="..\inc\type_defs.h">
      <Filter>Header Files</Filter>
    </ClInclude>
    <ClInclude Include="..\inc\bldr.h">
      <Filter>Header Files</Filter>
    </ClInclude>
    <ClInclude Include="..\inc\help_strings.h">
      <Filter>Header Files</Filter>
    </ClInclude>
    <ClInclude Include="..\inc\Bios.h">
      <Filter>Header Files</Filter>
    </ClInclude>
    <ClInclude Include="..\inc\XbTool.h">
      <Filter>Header Files</Filter>
    </ClInclude>
    <ClInclude Include="..\inc\XcodeInterp.h">
      <Filter>Header Files</Filter>
    </ClInclude>
    <ClInclude Include="..\inc\main.h">
      <Filter>Header Files</Filter>
    </ClInclude>
    <ClInclude Include="resource.h">
      <Filter>Header Files</Filter>
    </ClInclude>
    <ClInclude Include="..\inc\lzx.h">
      <Filter>Header Files</Filter>
    </ClInclude>
    <ClInclude Include="..\inc\nt_headers.h">
      <Filter>Header Files</Filter>
    </ClInclude>
    <ClInclude Include="..\inc\sha1.h">
      <Filter>Header Files</Filter>
    </ClInclude>
    <ClInclude Include="..\inc\version.h">
      <Filter>Header Files</Filter>
    </ClInclude>
    <ClInclude Include="..\inc\Mcpx.h">
      <Filter>Header Files</Filter>
    </ClInclude>
    <ClInclude Include="..\inc\X86Interp.h">
      <Filter>Header Files</Filter>
    </ClInclude>
  </ItemGroup>
  <ItemGroup>
    <ResourceCompile Include="XbBiosTool.rc">
      <Filter>Resource Files</Filter>
    </ResourceCompile>
  </ItemGroup>
</Project>