<?xml version="1.0" encoding="utf-8"?>
<Project ToolsVersion="4.0" xmlns="http://schemas.microsoft.com/developer/msbuild/2003">
  <ItemGroup>
    <Filter Include="Source Files">
      <UniqueIdentifier>{4FC737F1-C7A5-4376-A066-2A32D752A2FF}</UniqueIdentifier>
      <Extensions>cpp;c;cc;cxx;c++;cppm;ixx;def;odl;idl;hpj;bat;asm;asmx</Extensions>
    </Filter>
    <Filter Include="Header Files">
      <UniqueIdentifier>{93995380-89BD-4b04-88EB-625FBE52EBFB}</UniqueIdentifier>
      <Extensions>h;hh;hpp;hxx;h++;hm;inl;inc;ipp;xsd</Extensions>
    </Filter>
    <Filter Include="Resource Files">
      <UniqueIdentifier>{67DA6AB6-F800-4c08-8B7A-83BB121AAD01}</UniqueIdentifier>
      <Extensions>rc;ico;cur;bmp;dlg;rc2;rct;bin;rgs;gif;jpg;jpeg;jpe;resx;tiff;tif;png;wav;mfcribbon-ms</Extensions>
    </Filter>
  </ItemGroup>
  <ItemGroup>
    <ClCompile Include="..\src\cli_tbl.cpp">
      <Filter>Source Files</Filter>
    </ClCompile>
    <ClCompile Include="..\src\file.c">
      <Filter>Source Files</Filter>
    </ClCompile>
    <ClCompile Include="..\src\loadini.c">
      <Filter>Source Files</Filter>
    </ClCompile>
    <ClCompile Include="..\src\lzx_decoder.c">
      <Filter>Source Files</Filter>
    </ClCompile>
    <ClCompile Include="..\src\lzx_encoder.c">
      <Filter>Source Files</Filter>
    </ClCompile>
    <ClCompile Include="..\src\Mcpx.c">
      <Filter>Source Files</Filter>
    </ClCompile>
    <ClCompile Include="..\src\mem_tracking.c">
      <Filter>Source Files</Filter>
    </ClCompile>
    <ClCompile Include="..\src\nt_headers.c">
      <Filter>Source Files</Filter>
    </ClCompile>
    <ClCompile Include="..\src\rc4.c">
      <Filter>Source Files</Filter>
    </ClCompile>
    <ClCompile Include="..\src\rsa.c">
      <Filter>Source Files</Filter>
    </ClCompile>
    <ClCompile Include="..\src\sha1.c">
      <Filter>Source Files</Filter>
    </ClCompile>
    <ClCompile Include="..\src\str_util.c">
      <Filter>Source Files</Filter>
    </ClCompile>
    <ClCompile Include="..\src\tea.c">
      <Filter>Source Files</Filter>
    </ClCompile>
    <ClCompile Include="..\src\util.c">
      <Filter>Source Files</Filter>
    </ClCompile>
    <ClCompile Include="..\src\Bios.cpp">
      <Filter>Source Files</Filter>
    </ClCompile>
    <ClCompile Include="..\src\XbTool.cpp">
      <Filter>Source Files</Filter>
    </ClCompile>
    <ClCompile Include="..\src\XcodeDecoder.cpp">
      <Filter>Source Files</Filter>
    </ClCompile>
    <ClCompile Include="..\src\XcodeInterp.cpp">
      <Filter>Source Files</Filter>
    </ClCompile>
  </ItemGroup>
  <ItemGroup>
    <ClInclude Include="..\inc\cli_tbl.h">
      <Filter>Header Files</Filter>
    </ClInclude>
    <ClInclude Include="..\inc\file.h">
      <Filter>Header Files</Filter>
    </ClInclude>
    <ClInclude Include="..\inc\loadini.h">
      <Filter>Header Files</Filter>
    </ClInclude>
    <ClInclude Include="..\inc\lzx.h">
      <Filter>Header Files</Filter>
    </ClInclude>
    <ClInclude Include="..\inc\Mcpx.h">
      <Filter>Header Files</Filter>
    </ClInclude>
    <ClInclude Include="..\inc\mem_tracking.h">
      <Filter>Header Files</Filter>
    </ClInclude>
    <ClInclude Include="..\inc\rc4.h">
      <Filter>Header Files</Filter>
    </ClInclude>
    <ClInclude Include="..\inc\rsa.h">
      <Filter>Header Files</Filter>
    </ClInclude>
    <ClInclude Include="..\inc\sha1.h">
      <Filter>Header Files</Filter>
    </ClInclude>
    <ClInclude Include="..\inc\str_util.h">
      <Filter>Header Files</Filter>
    </ClInclude>
    <ClInclude Include="..\inc\tea.h">
      <Filter>Header Files</Filter>
    </ClInclude>
    <ClInclude Include="..\inc\util.h">
      <Filter>Header Files</Filter>
    </ClInclude>
    <ClInclude Include="..\inc\version.h">
      <Filter>Header Files</Filter>
    </ClInclude>
    <ClInclude Include="..\inc\bldr.h">
      <Filter>Header Files</Filter>
    </ClInclude>
    <ClInclude Include="..\inc\help_strings.h">
      <Filter>Header Files</Filter>
    </ClInclude>
    <ClInclude Include="..\inc\Bios.h">
      <Filter>Header Files</Filter>
    </ClInclude>
    <ClInclude Include="..\inc\XbTool.h">
      <Filter>Header Files</Filter>
    </ClInclude>
    <ClInclude Include="..\inc\XcodeDecoder.h">
      <Filter>Header Files</Filter>
    </ClInclude>
    <ClInclude Include="..\inc\XcodeInterp.h">
      <Filter>Header Files</Filter>
    </ClInclude>
    <ClInclude Include="..\inc\resource.h">
      <Filter>Header Files</Filter>
    </ClInclude>
    <ClInclude Include="..\inc\nt_headers.h">
      <Filter>Header Files</Filter>
    </ClInclude>
  </ItemGroup>
  <ItemGroup>
    <ResourceCompile Include="..\inc\XbBiosTool.rc">
      <Filter>Resource Files</Filter>
    </ResourceCompile>
  </ItemGroup>
</Project>